
Microsoft Visual Studio Solution File, Format Version 12.00
# Visual Studio Version 16
VisualStudioVersion = 16.0.31729.503
MinimumVisualStudioVersion = 10.0.40219.1
Project("{9A19103F-16F7-4668-BE54-9A1E7A4F7556}") = "GrenStockWebApi", "GrenStockWebApi.csproj", "{F79DE43E-3FD1-49CE-A6E0-F60C6110D56F}"
EndProject
Global
	GlobalSection(SolutionConfigurationPlatforms) = preSolution
		Debug|Any CPU = Debug|Any CPU
		Release|Any CPU = Release|Any CPU
	EndGlobalSection
	GlobalSection(ProjectConfigurationPlatforms) = postSolution
		{F79DE43E-3FD1-49CE-A6E0-F60C6110D56F}.Debug|Any CPU.ActiveCfg = Debug|Any CPU
		{F79DE43E-3FD1-49CE-A6E0-F60C6110D56F}.Debug|Any CPU.Build.0 = Debug|Any CPU
		{F79DE43E-3FD1-49CE-A6E0-F60C6110D56F}.Release|Any CPU.ActiveCfg = Release|Any CPU
		{F79DE43E-3FD1-49CE-A6E0-F60C6110D56F}.Release|Any CPU.Build.0 = Release|Any CPU
	EndGlobalSection
	GlobalSection(SolutionProperties) = preSolution
		HideSolutionNode = FALSE
	EndGlobalSection
	GlobalSection(ExtensibilityGlobals) = postSolution
		SolutionGuid = {2ADEBDDF-3FB4-4BF1-A593-359CCDE02283}
	EndGlobalSection
EndGlobal
